// !$*UTF8*$!
{
	archiveVersion = 1;
	classes = {
	};
	objectVersion = 50;
	objects = {

/* Begin PBXBuildFile section */
		5B28414025A1B89D00FA63BD /* AppDelegate.swift in Sources */ = {isa = PBXBuildFile; fileRef = 5B28413F25A1B89D00FA63BD /* AppDelegate.swift */; };
		5B28414225A1B89D00FA63BD /* SceneDelegate.swift in Sources */ = {isa = PBXBuildFile; fileRef = 5B28414125A1B89D00FA63BD /* SceneDelegate.swift */; };
		5B28414425A1B89D00FA63BD /* ViewController.swift in Sources */ = {isa = PBXBuildFile; fileRef = 5B28414325A1B89D00FA63BD /* ViewController.swift */; };
		5B28414725A1B89D00FA63BD /* Main.storyboard in Resources */ = {isa = PBXBuildFile; fileRef = 5B28414525A1B89D00FA63BD /* Main.storyboard */; };
		5B28414925A1B89E00FA63BD /* Assets.xcassets in Resources */ = {isa = PBXBuildFile; fileRef = 5B28414825A1B89E00FA63BD /* Assets.xcassets */; };
		5B28414C25A1B89E00FA63BD /* LaunchScreen.storyboard in Resources */ = {isa = PBXBuildFile; fileRef = 5B28414A25A1B89E00FA63BD /* LaunchScreen.storyboard */; };
		5B28415625A1D75A00FA63BD /* captionChoice.swift in Sources */ = {isa = PBXBuildFile; fileRef = 5B28415525A1D75A00FA63BD /* captionChoice.swift */; };
/* End PBXBuildFile section */

/* Begin PBXFileReference section */
		5B28413C25A1B89D00FA63BD /* memeMaker.app */ = {isa = PBXFileReference; explicitFileType = wrapper.application; includeInIndex = 0; path = memeMaker.app; sourceTree = BUILT_PRODUCTS_DIR; };
		5B28413F25A1B89D00FA63BD /* AppDelegate.swift */ = {isa = PBXFileReference; lastKnownFileType = sourcecode.swift; path = AppDelegate.swift; sourceTree = "<group>"; };
		5B28414125A1B89D00FA63BD /* SceneDelegate.swift */ = {isa = PBXFileReference; lastKnownFileType = sourcecode.swift; path = SceneDelegate.swift; sourceTree = "<group>"; };
		5B28414325A1B89D00FA63BD /* ViewController.swift */ = {isa = PBXFileReference; lastKnownFileType = sourcecode.swift; path = ViewController.swift; sourceTree = "<group>"; };
		5B28414625A1B89D00FA63BD /* Base */ = {isa = PBXFileReference; lastKnownFileType = file.storyboard; name = Base; path = Base.lproj/Main.storyboard; sourceTree = "<group>"; };
		5B28414825A1B89E00FA63BD /* Assets.xcassets */ = {isa = PBXFileReference; lastKnownFileType = folder.assetcatalog; path = Assets.xcassets; sourceTree = "<group>"; };
		5B28414B25A1B89E00FA63BD /* Base */ = {isa = PBXFileReference; lastKnownFileType = file.storyboard; name = Base; path = Base.lproj/LaunchScreen.storyboard; sourceTree = "<group>"; };
		5B28414D25A1B89E00FA63BD /* Info.plist */ = {isa = PBXFileReference; lastKnownFileType = text.plist.xml; path = Info.plist; sourceTree = "<group>"; };
		5B28415525A1D75A00FA63BD /* captionChoice.swift */ = {isa = PBXFileReference; lastKnownFileType = sourcecode.swift; path = captionChoice.swift; sourceTree = "<group>"; };
/* End PBXFileReference section */

/* Begin PBXFrameworksBuildPhase section */
		5B28413925A1B89D00FA63BD /* Frameworks */ = {
			isa = PBXFrameworksBuildPhase;
			buildActionMask = 2147483647;
			files = (
			);
			runOnlyForDeploymentPostprocessing = 0;
		};
/* End PBXFrameworksBuildPhase section */

/* Begin PBXGroup section */
		5B28413325A1B89D00FA63BD = {
			isa = PBXGroup;
			children = (
				5B28413E25A1B89D00FA63BD /* memeMaker */,
				5B28413D25A1B89D00FA63BD /* Products */,
			);
			sourceTree = "<group>";
		};
		5B28413D25A1B89D00FA63BD /* Products */ = {
			isa = PBXGroup;
			children = (
				5B28413C25A1B89D00FA63BD /* memeMaker.app */,
			);
			name = Products;
			sourceTree = "<group>";
		};
		5B28413E25A1B89D00FA63BD /* memeMaker */ = {
			isa = PBXGroup;
			children = (
				5B28413F25A1B89D00FA63BD /* AppDelegate.swift */,
				5B28414125A1B89D00FA63BD /* SceneDelegate.swift */,
				5B28415525A1D75A00FA63BD /* captionChoice.swift */,
				5B28414325A1B89D00FA63BD /* ViewController.swift */,
				5B28414525A1B89D00FA63BD /* Main.storyboard */,
				5B28414825A1B89E00FA63BD /* Assets.xcassets */,
				5B28414A25A1B89E00FA63BD /* LaunchScreen.storyboard */,
				5B28414D25A1B89E00FA63BD /* Info.plist */,
			);
			path = memeMaker;
			sourceTree = "<group>";
		};
/* End PBXGroup section */

/* Begin PBXNativeTarget section */
		5B28413B25A1B89D00FA63BD /* memeMaker */ = {
			isa = PBXNativeTarget;
			buildConfigurationList = 5B28415025A1B89E00FA63BD /* Build configuration list for PBXNativeTarget "memeMaker" */;
			buildPhases = (
				5B28413825A1B89D00FA63BD /* Sources */,
				5B28413925A1B89D00FA63BD /* Frameworks */,
				5B28413A25A1B89D00FA63BD /* Resources */,
			);
			buildRules = (
			);
			dependencies = (
			);
			name = memeMaker;
			productName = memeMaker;
			productReference = 5B28413C25A1B89D00FA63BD /* memeMaker.app */;
			productType = "com.apple.product-type.application";
		};
/* End PBXNativeTarget section */

/* Begin PBXProject section */
		5B28413425A1B89D00FA63BD /* Project object */ = {
			isa = PBXProject;
			attributes = {
				LastSwiftUpdateCheck = 1230;
				LastUpgradeCheck = 1230;
				TargetAttributes = {
					5B28413B25A1B89D00FA63BD = {
						CreatedOnToolsVersion = 12.3;
					};
				};
			};
			buildConfigurationList = 5B28413725A1B89D00FA63BD /* Build configuration list for PBXProject "memeMaker" */;
			compatibilityVersion = "Xcode 9.3";
			developmentRegion = en;
			hasScannedForEncodings = 0;
			knownRegions = (
				en,
				Base,
			);
			mainGroup = 5B28413325A1B89D00FA63BD;
			productRefGroup = 5B28413D25A1B89D00FA63BD /* Products */;
			projectDirPath = "";
			projectRoot = "";
			targets = (
				5B28413B25A1B89D00FA63BD /* memeMaker */,
			);
		};
/* End PBXProject section */

/* Begin PBXResourcesBuildPhase section */
		5B28413A25A1B89D00FA63BD /* Resources */ = {
			isa = PBXResourcesBuildPhase;
			buildActionMask = 2147483647;
			files = (
				5B28414C25A1B89E00FA63BD /* LaunchScreen.storyboard in Resources */,
				5B28414925A1B89E00FA63BD /* Assets.xcassets in Resources */,
				5B28414725A1B89D00FA63BD /* Main.storyboard in Resources */,
			);
			runOnlyForDeploymentPostprocessing = 0;
		};
/* End PBXResourcesBuildPhase section */

/* Begin PBXSourcesBuildPhase section */
		5B28413825A1B89D00FA63BD /* Sources */ = {
			isa = PBXSourcesBuildPhase;
			buildActionMask = 2147483647;
			files = (
				5B28414425A1B89D00FA63BD /* ViewController.swift in Sources */,
				5B28414025A1B89D00FA63BD /* AppDelegate.swift in Sources */,
				5B28414225A1B89D00FA63BD /* SceneDelegate.swift in Sources */,
				5B28415625A1D75A00FA63BD /* captionChoice.swift in Sources */,
			);
			runOnlyForDeploymentPostprocessing = 0;
		};
/* End PBXSourcesBuildPhase section */

/* Begin PBXVariantGroup section */
		5B28414525A1B89D00FA63BD /* Main.storyboard */ = {
			isa = PBXVariantGroup;
			children = (
				5B28414625A1B89D00FA63BD /* Base */,
			);
			name = Main.storyboard;
			sourceTree = "<group>";
		};
		5B28414A25A1B89E00FA63BD /* LaunchScreen.storyboard */ = {
			isa = PBXVariantGroup;
			children = (
				5B28414B25A1B89E00FA63BD /* Base */,
			);
			name = LaunchScreen.storyboard;
			sourceTree = "<group>";
		};
/* End PBXVariantGroup section */

/* Begin XCBuildConfiguration section */
		5B28414E25A1B89E00FA63BD /* Debug */ = {
			isa = XCBuildConfiguration;
			buildSettings = {
				ALWAYS_SEARCH_USER_PATHS = NO;
				CLANG_ANALYZER_NONNULL = YES;
				CLANG_ANALYZER_NUMBER_OBJECT_CONVERSION = YES_AGGRESSIVE;
				CLANG_CXX_LANGUAGE_STANDARD = "gnu++14";
				CLANG_CXX_LIBRARY = "libc++";
				CLANG_ENABLE_MODULES = YES;
				CLANG_ENABLE_OBJC_ARC = YES;
				CLANG_ENABLE_OBJC_WEAK = YES;
				CLANG_WARN_BLOCK_CAPTURE_AUTORELEASING = YES;
				CLANG_WARN_BOOL_CONVERSION = YES;
				CLANG_WARN_COMMA = YES;
				CLANG_WARN_CONSTANT_CONVERSION = YES;
				CLANG_WARN_DEPRECATED_OBJC_IMPLEMENTATIONS = YES;
				CLANG_WARN_DIRECT_OBJC_ISA_USAGE = YES_ERROR;
				CLANG_WARN_DOCUMENTATION_COMMENTS = YES;
				CLANG_WARN_EMPTY_BODY = YES;
				CLANG_WARN_ENUM_CONVERSION = YES;
				CLANG_WARN_INFINITE_RECURSION = YES;
				CLANG_WARN_INT_CONVERSION = YES;
				CLANG_WARN_NON_LITERAL_NULL_CONVERSION = YES;
				CLANG_WARN_OBJC_IMPLICIT_RETAIN_SELF = YES;
				CLANG_WARN_OBJC_LITERAL_CONVERSION = YES;
				CLANG_WARN_OBJC_ROOT_CLASS = YES_ERROR;
				CLANG_WARN_QUOTED_INCLUDE_IN_FRAMEWORK_HEADER = YES;
				CLANG_WARN_RANGE_LOOP_ANALYSIS = YES;
				CLANG_WARN_STRICT_PROTOTYPES = YES;
				CLANG_WARN_SUSPICIOUS_MOVE = YES;
				CLANG_WARN_UNGUARDED_AVAILABILITY = YES_AGGRESSIVE;
				CLANG_WARN_UNREACHABLE_CODE = YES;
				CLANG_WARN__DUPLICATE_METHOD_MATCH = YES;
				COPY_PHASE_STRIP = NO;
				DEBUG_INFORMATION_FORMAT = dwarf;
				ENABLE_STRICT_OBJC_MSGSEND = YES;
				ENABLE_TESTABILITY = YES;
				GCC_C_LANGUAGE_STANDARD = gnu11;
				GCC_DYNAMIC_NO_PIC = NO;
				GCC_NO_COMMON_BLOCKS = YES;
				GCC_OPTIMIZATION_LEVEL = 0;
				GCC_PREPROCESSOR_DEFINITIONS = (
					"DEBUG=1",
					"$(inherited)",
				);
				GCC_WARN_64_TO_32_BIT_CONVERSION = YES;
				GCC_WARN_ABOUT_RETURN_TYPE = YES_ERROR;
				GCC_WARN_UNDECLARED_SELECTOR = YES;
				GCC_WARN_UNINITIALIZED_AUTOS = YES_AGGRESSIVE;
				GCC_WARN_UNUSED_FUNCTION = YES;
				GCC_WARN_UNUSED_VARIABLE = YES;
				IPHONEOS_DEPLOYMENT_TARGET = 14.3;
				MTL_ENABLE_DEBUG_INFO = INCLUDE_SOURCE;
				MTL_FAST_MATH = YES;
				ONLY_ACTIVE_ARCH = YES;
				SDKROOT = iphoneos;
				SWIFT_ACTIVE_COMPILATION_CONDITIONS = DEBUG;
				SWIFT_OPTIMIZATION_LEVEL = "-Onone";
			};
			name = Debug;
		};
		5B28414F25A1B89E00FA63BD /* Release */ = {
			isa = XCBuildConfiguration;
			buildSettings = {
				ALWAYS_SEARCH_USER_PATHS = NO;
				CLANG_ANALYZER_NONNULL = YES;
				CLANG_ANALYZER_NUMBER_OBJECT_CONVERSION = YES_AGGRESSIVE;
				CLANG_CXX_LANGUAGE_STANDARD = "gnu++14";
				CLANG_CXX_LIBRARY = "libc++";
				CLANG_ENABLE_MODULES = YES;
				CLANG_ENABLE_OBJC_ARC = YES;
				CLANG_ENABLE_OBJC_WEAK = YES;
				CLANG_WARN_BLOCK_CAPTURE_AUTORELEASING = YES;
				CLANG_WARN_BOOL_CONVERSION = YES;
				CLANG_WARN_COMMA = YES;
				CLANG_WARN_CONSTANT_CONVERSION = YES;
				CLANG_WARN_DEPRECATED_OBJC_IMPLEMENTATIONS = YES;
				CLANG_WARN_DIRECT_OBJC_ISA_USAGE = YES_ERROR;
				CLANG_WARN_DOCUMENTATION_COMMENTS = YES;
				CLANG_WARN_EMPTY_BODY = YES;
				CLANG_WARN_ENUM_CONVERSION = YES;
				CLANG_WARN_INFINITE_RECURSION = YES;
				CLANG_WARN_INT_CONVERSION = YES;
				CLANG_WARN_NON_LITERAL_NULL_CONVERSION = YES;
				CLANG_WARN_OBJC_IMPLICIT_RETAIN_SELF = YES;
				CLANG_WARN_OBJC_LITERAL_CONVERSION = YES;
				CLANG_WARN_OBJC_ROOT_CLASS = YES_ERROR;
				CLANG_WARN_QUOTED_INCLUDE_IN_FRAMEWORK_HEADER = YES;
				CLANG_WARN_RANGE_LOOP_ANALYSIS = YES;
				CLANG_WARN_STRICT_PROTOTYPES = YES;
				CLANG_WARN_SUSPICIOUS_MOVE = YES;
				CLANG_WARN_UNGUARDED_AVAILABILITY = YES_AGGRESSIVE;
				CLANG_WARN_UNREACHABLE_CODE = YES;
				CLANG_WARN__DUPLICATE_METHOD_MATCH = YES;
				COPY_PHASE_STRIP = NO;
				DEBUG_INFORMATION_FORMAT = "dwarf-with-dsym";
				ENABLE_NS_ASSERTIONS = NO;
				ENABLE_STRICT_OBJC_MSGSEND = YES;
				GCC_C_LANGUAGE_STANDARD = gnu11;
				GCC_NO_COMMON_BLOCKS = YES;
				GCC_WARN_64_TO_32_BIT_CONVERSION = YES;
				GCC_WARN_ABOUT_RETURN_TYPE = YES_ERROR;
				GCC_WARN_UNDECLARED_SELECTOR = YES;
				GCC_WARN_UNINITIALIZED_AUTOS = YES_AGGRESSIVE;
				GCC_WARN_UNUSED_FUNCTION = YES;
				GCC_WARN_UNUSED_VARIABLE = YES;
				IPHONEOS_DEPLOYMENT_TARGET = 14.3;
				MTL_ENABLE_DEBUG_INFO = NO;
				MTL_FAST_MATH = YES;
				SDKROOT = iphoneos;
				SWIFT_COMPILATION_MODE = wholemodule;
				SWIFT_OPTIMIZATION_LEVEL = "-O";
				VALIDATE_PRODUCT = YES;
			};
			name = Release;
		};
		5B28415125A1B89E00FA63BD /* Debug */ = {
			isa = XCBuildConfiguration;
			buildSettings = {
				ASSETCATALOG_COMPILER_APPICON_NAME = AppIcon;
				ASSETCATALOG_COMPILER_GLOBAL_ACCENT_COLOR_NAME = AccentColor;
				CODE_SIGN_STYLE = Automatic;
				INFOPLIST_FILE = memeMaker/Info.plist;
				LD_RUNPATH_SEARCH_PATHS = (
					"$(inherited)",
					"@executable_path/Frameworks",
				);
				PRODUCT_BUNDLE_IDENTIFIER = "Nayeon-Kim.memeMaker";
				PRODUCT_NAME = "$(TARGET_NAME)";
				SWIFT_VERSION = 5.0;
				TARGETED_DEVICE_FAMILY = "1,2";
			};
			name = Debug;
		};
		5B28415225A1B89E00FA63BD /* Release */ = {
			isa = XCBuildConfiguration;
			buildSettings = {
				ASSETCATALOG_COMPILER_APPICON_NAME = AppIcon;
				ASSETCATALOG_COMPILER_GLOBAL_ACCENT_COLOR_NAME = AccentColor;
				CODE_SIGN_STYLE = Automatic;
				INFOPLIST_FILE = memeMaker/Info.plist;
				LD_RUNPATH_SEARCH_PATHS = (
					"$(inherited)",
					"@executable_path/Frameworks",
				);
				PRODUCT_BUNDLE_IDENTIFIER = "Nayeon-Kim.memeMaker";
				PRODUCT_NAME = "$(TARGET_NAME)";
				SWIFT_VERSION = 5.0;
				TARGETED_DEVICE_FAMILY = "1,2";
			};
			name = Release;
		};
/* End XCBuildConfiguration section */

/* Begin XCConfigurationList section */
		5B28413725A1B89D00FA63BD /* Build configuration list for PBXProject "memeMaker" */ = {
			isa = XCConfigurationList;
			buildConfigurations = (
				5B28414E25A1B89E00FA63BD /* Debug */,
				5B28414F25A1B89E00FA63BD /* Release */,
			);
			defaultConfigurationIsVisible = 0;
			defaultConfigurationName = Release;
		};
		5B28415025A1B89E00FA63BD /* Build configuration list for PBXNativeTarget "memeMaker" */ = {
			isa = XCConfigurationList;
			buildConfigurations = (
				5B28415125A1B89E00FA63BD /* Debug */,
				5B28415225A1B89E00FA63BD /* Release */,
			);
			defaultConfigurationIsVisible = 0;
			defaultConfigurationName = Release;
		};
/* End XCConfigurationList section */
	};
	rootObject = 5B28413425A1B89D00FA63BD /* Project object */;
}
